// !$*UTF8*$!
{
	archiveVersion = 1;
	classes = {
	};
	objectVersion = 56;
	objects = {

/* Begin PBXBuildFile section */
		5B33F7C32B91CC2D0011167F /* AlignCollectionViewFlowLayout.swift in Sources */ = {isa = PBXBuildFile; fileRef = 5B33F7C22B91CC2D0011167F /* AlignCollectionViewFlowLayout.swift */; };
		5B33F7C52B91CC7E0011167F /* AlignCollectionViewController.swift in Sources */ = {isa = PBXBuildFile; fileRef = 5B33F7C42B91CC7E0011167F /* AlignCollectionViewController.swift */; };
		5B5DA64829E8F820005A72D7 /* AppDelegate.swift in Sources */ = {isa = PBXBuildFile; fileRef = 5B5DA64729E8F820005A72D7 /* AppDelegate.swift */; };
		5B5DA64C29E8F820005A72D7 /* ViewController.swift in Sources */ = {isa = PBXBuildFile; fileRef = 5B5DA64B29E8F820005A72D7 /* ViewController.swift */; };
		5B5DA64F29E8F820005A72D7 /* Main.storyboard in Resources */ = {isa = PBXBuildFile; fileRef = 5B5DA64D29E8F820005A72D7 /* Main.storyboard */; };
		5B5DA65129E8F821005A72D7 /* Assets.xcassets in Resources */ = {isa = PBXBuildFile; fileRef = 5B5DA65029E8F821005A72D7 /* Assets.xcassets */; };
		5B5DA65429E8F821005A72D7 /* LaunchScreen.storyboard in Resources */ = {isa = PBXBuildFile; fileRef = 5B5DA65229E8F821005A72D7 /* LaunchScreen.storyboard */; };
		5B5DA65E29E8F888005A72D7 /* MiddleExpandCollectionView.swift in Sources */ = {isa = PBXBuildFile; fileRef = 5B5DA65C29E8F888005A72D7 /* MiddleExpandCollectionView.swift */; };
		5B5DA65F29E8F888005A72D7 /* TiltCollectionView.swift in Sources */ = {isa = PBXBuildFile; fileRef = 5B5DA65D29E8F888005A72D7 /* TiltCollectionView.swift */; };
		5B5DA66229E8FD51005A72D7 /* TiltCollectionViewViewController.swift in Sources */ = {isa = PBXBuildFile; fileRef = 5B5DA66129E8FD51005A72D7 /* TiltCollectionViewViewController.swift */; };
		5B5DA66429E8FD5E005A72D7 /* MiddleExpandCollectionViewViewController.swift in Sources */ = {isa = PBXBuildFile; fileRef = 5B5DA66329E8FD5E005A72D7 /* MiddleExpandCollectionViewViewController.swift */; };
		5B9098612CCBDE8E0022975C /* MessageCollectionFlowLayout.swift in Sources */ = {isa = PBXBuildFile; fileRef = 5B9098602CCBDE8E0022975C /* MessageCollectionFlowLayout.swift */; };
		5B9098632CCBE1B50022975C /* MessageCollectionViewController.swift in Sources */ = {isa = PBXBuildFile; fileRef = 5B9098622CCBE1B50022975C /* MessageCollectionViewController.swift */; };
/* End PBXBuildFile section */

/* Begin PBXFileReference section */
		5B33F7C22B91CC2D0011167F /* AlignCollectionViewFlowLayout.swift */ = {isa = PBXFileReference; fileEncoding = 4; lastKnownFileType = sourcecode.swift; path = AlignCollectionViewFlowLayout.swift; sourceTree = "<group>"; };
		5B33F7C42B91CC7E0011167F /* AlignCollectionViewController.swift */ = {isa = PBXFileReference; lastKnownFileType = sourcecode.swift; path = AlignCollectionViewController.swift; sourceTree = "<group>"; };
		5B5DA64429E8F820005A72D7 /* XYZSpecialCollectionView.app */ = {isa = PBXFileReference; explicitFileType = wrapper.application; includeInIndex = 0; path = XYZSpecialCollectionView.app; sourceTree = BUILT_PRODUCTS_DIR; };
		5B5DA64729E8F820005A72D7 /* AppDelegate.swift */ = {isa = PBXFileReference; lastKnownFileType = sourcecode.swift; path = AppDelegate.swift; sourceTree = "<group>"; };
		5B5DA64B29E8F820005A72D7 /* ViewController.swift */ = {isa = PBXFileReference; lastKnownFileType = sourcecode.swift; path = ViewController.swift; sourceTree = "<group>"; };
		5B5DA64E29E8F820005A72D7 /* Base */ = {isa = PBXFileReference; lastKnownFileType = file.storyboard; name = Base; path = Base.lproj/Main.storyboard; sourceTree = "<group>"; };
		5B5DA65029E8F821005A72D7 /* Assets.xcassets */ = {isa = PBXFileReference; lastKnownFileType = folder.assetcatalog; path = Assets.xcassets; sourceTree = "<group>"; };
		5B5DA65329E8F821005A72D7 /* Base */ = {isa = PBXFileReference; lastKnownFileType = file.storyboard; name = Base; path = Base.lproj/LaunchScreen.storyboard; sourceTree = "<group>"; };
		5B5DA65529E8F821005A72D7 /* Info.plist */ = {isa = PBXFileReference; lastKnownFileType = text.plist.xml; path = Info.plist; sourceTree = "<group>"; };
		5B5DA65C29E8F888005A72D7 /* MiddleExpandCollectionView.swift */ = {isa = PBXFileReference; fileEncoding = 4; lastKnownFileType = sourcecode.swift; path = MiddleExpandCollectionView.swift; sourceTree = "<group>"; };
		5B5DA65D29E8F888005A72D7 /* TiltCollectionView.swift */ = {isa = PBXFileReference; fileEncoding = 4; lastKnownFileType = sourcecode.swift; path = TiltCollectionView.swift; sourceTree = "<group>"; };
		5B5DA66129E8FD51005A72D7 /* TiltCollectionViewViewController.swift */ = {isa = PBXFileReference; lastKnownFileType = sourcecode.swift; path = TiltCollectionViewViewController.swift; sourceTree = "<group>"; };
		5B5DA66329E8FD5E005A72D7 /* MiddleExpandCollectionViewViewController.swift */ = {isa = PBXFileReference; lastKnownFileType = sourcecode.swift; path = MiddleExpandCollectionViewViewController.swift; sourceTree = "<group>"; };
		5B9098602CCBDE8E0022975C /* MessageCollectionFlowLayout.swift */ = {isa = PBXFileReference; lastKnownFileType = sourcecode.swift; path = MessageCollectionFlowLayout.swift; sourceTree = "<group>"; };
		5B9098622CCBE1B50022975C /* MessageCollectionViewController.swift */ = {isa = PBXFileReference; lastKnownFileType = sourcecode.swift; path = MessageCollectionViewController.swift; sourceTree = "<group>"; };
/* End PBXFileReference section */

/* Begin PBXFrameworksBuildPhase section */
		5B5DA64129E8F820005A72D7 /* Frameworks */ = {
			isa = PBXFrameworksBuildPhase;
			buildActionMask = 2147483647;
			files = (
			);
			runOnlyForDeploymentPostprocessing = 0;
		};
/* End PBXFrameworksBuildPhase section */

/* Begin PBXGroup section */
		5B33F7C12B91CBF80011167F /* CollectionViewLayouts */ = {
			isa = PBXGroup;
			children = (
				5B33F7C22B91CC2D0011167F /* AlignCollectionViewFlowLayout.swift */,
				5B9098602CCBDE8E0022975C /* MessageCollectionFlowLayout.swift */,
			);
			path = CollectionViewLayouts;
			sourceTree = "<group>";
		};
		5B5DA63B29E8F820005A72D7 = {
			isa = PBXGroup;
			children = (
				5B5DA64629E8F820005A72D7 /* XYZSpecialCollectionView */,
				5B5DA64529E8F820005A72D7 /* Products */,
			);
			sourceTree = "<group>";
		};
		5B5DA64529E8F820005A72D7 /* Products */ = {
			isa = PBXGroup;
			children = (
				5B5DA64429E8F820005A72D7 /* XYZSpecialCollectionView.app */,
			);
			name = Products;
			sourceTree = "<group>";
		};
		5B5DA64629E8F820005A72D7 /* XYZSpecialCollectionView */ = {
			isa = PBXGroup;
			children = (
				5B33F7C12B91CBF80011167F /* CollectionViewLayouts */,
				5B5DA65B29E8F85F005A72D7 /* CollectionViews */,
				5B5DA66029E8FCFE005A72D7 /* Examples */,
				5B5DA64729E8F820005A72D7 /* AppDelegate.swift */,
				5B5DA64B29E8F820005A72D7 /* ViewController.swift */,
				5B5DA64D29E8F820005A72D7 /* Main.storyboard */,
				5B5DA65029E8F821005A72D7 /* Assets.xcassets */,
				5B5DA65229E8F821005A72D7 /* LaunchScreen.storyboard */,
				5B5DA65529E8F821005A72D7 /* Info.plist */,
			);
			path = XYZSpecialCollectionView;
			sourceTree = "<group>";
		};
		5B5DA65B29E8F85F005A72D7 /* CollectionViews */ = {
			isa = PBXGroup;
			children = (
				5B5DA65C29E8F888005A72D7 /* MiddleExpandCollectionView.swift */,
				5B5DA65D29E8F888005A72D7 /* TiltCollectionView.swift */,
			);
			path = CollectionViews;
			sourceTree = "<group>";
		};
		5B5DA66029E8FCFE005A72D7 /* Examples */ = {
			isa = PBXGroup;
			children = (
				5B5DA66129E8FD51005A72D7 /* TiltCollectionViewViewController.swift */,
				5B5DA66329E8FD5E005A72D7 /* MiddleExpandCollectionViewViewController.swift */,
				5B33F7C42B91CC7E0011167F /* AlignCollectionViewController.swift */,
				5B9098622CCBE1B50022975C /* MessageCollectionViewController.swift */,
			);
			path = Examples;
			sourceTree = "<group>";
		};
/* End PBXGroup section */

/* Begin PBXNativeTarget section */
		5B5DA64329E8F820005A72D7 /* XYZSpecialCollectionView */ = {
			isa = PBXNativeTarget;
			buildConfigurationList = 5B5DA65829E8F821005A72D7 /* Build configuration list for PBXNativeTarget "XYZSpecialCollectionView" */;
			buildPhases = (
				5B5DA64029E8F820005A72D7 /* Sources */,
				5B5DA64129E8F820005A72D7 /* Frameworks */,
				5B5DA64229E8F820005A72D7 /* Resources */,
			);
			buildRules = (
			);
			dependencies = (
			);
			name = XYZSpecialCollectionView;
			productName = XYZSpecialCollectionView;
			productReference = 5B5DA64429E8F820005A72D7 /* XYZSpecialCollectionView.app */;
			productType = "com.apple.product-type.application";
		};
/* End PBXNativeTarget section */

/* Begin PBXProject section */
		5B5DA63C29E8F820005A72D7 /* Project object */ = {
			isa = PBXProject;
			attributes = {
				BuildIndependentTargetsInParallel = 1;
				LastSwiftUpdateCheck = 1420;
				LastUpgradeCheck = 1600;
				TargetAttributes = {
					5B5DA64329E8F820005A72D7 = {
						CreatedOnToolsVersion = 14.2;
					};
				};
			};
			buildConfigurationList = 5B5DA63F29E8F820005A72D7 /* Build configuration list for PBXProject "XYZSpecialCollectionView" */;
			compatibilityVersion = "Xcode 14.0";
			developmentRegion = en;
			hasScannedForEncodings = 0;
			knownRegions = (
				en,
				Base,
			);
			mainGroup = 5B5DA63B29E8F820005A72D7;
			productRefGroup = 5B5DA64529E8F820005A72D7 /* Products */;
			projectDirPath = "";
			projectRoot = "";
			targets = (
				5B5DA64329E8F820005A72D7 /* XYZSpecialCollectionView */,
			);
		};
/* End PBXProject section */

/* Begin PBXResourcesBuildPhase section */
		5B5DA64229E8F820005A72D7 /* Resources */ = {
			isa = PBXResourcesBuildPhase;
			buildActionMask = 2147483647;
			files = (
				5B5DA65429E8F821005A72D7 /* LaunchScreen.storyboard in Resources */,
				5B5DA65129E8F821005A72D7 /* Assets.xcassets in Resources */,
				5B5DA64F29E8F820005A72D7 /* Main.storyboard in Resources */,
			);
			runOnlyForDeploymentPostprocessing = 0;
		};
/* End PBXResourcesBuildPhase section */

/* Begin PBXSourcesBuildPhase section */
		5B5DA64029E8F820005A72D7 /* Sources */ = {
			isa = PBXSourcesBuildPhase;
			buildActionMask = 2147483647;
			files = (
				5B5DA64C29E8F820005A72D7 /* ViewController.swift in Sources */,
				5B9098612CCBDE8E0022975C /* MessageCollectionFlowLayout.swift in Sources */,
				5B5DA64829E8F820005A72D7 /* AppDelegate.swift in Sources */,
				5B5DA66229E8FD51005A72D7 /* TiltCollectionViewViewController.swift in Sources */,
				5B33F7C32B91CC2D0011167F /* AlignCollectionViewFlowLayout.swift in Sources */,
				5B33F7C52B91CC7E0011167F /* AlignCollectionViewController.swift in Sources */,
				5B5DA65F29E8F888005A72D7 /* TiltCollectionView.swift in Sources */,
				5B5DA66429E8FD5E005A72D7 /* MiddleExpandCollectionViewViewController.swift in Sources */,
				5B9098632CCBE1B50022975C /* MessageCollectionViewController.swift in Sources */,
				5B5DA65E29E8F888005A72D7 /* MiddleExpandCollectionView.swift in Sources */,
			);
			runOnlyForDeploymentPostprocessing = 0;
		};
/* End PBXSourcesBuildPhase section */

/* Begin PBXVariantGroup section */
		5B5DA64D29E8F820005A72D7 /* Main.storyboard */ = {
			isa = PBXVariantGroup;
			children = (
				5B5DA64E29E8F820005A72D7 /* Base */,
			);
			name = Main.storyboard;
			sourceTree = "<group>";
		};
		5B5DA65229E8F821005A72D7 /* LaunchScreen.storyboard */ = {
			isa = PBXVariantGroup;
			children = (
				5B5DA65329E8F821005A72D7 /* Base */,
			);
			name = LaunchScreen.storyboard;
			sourceTree = "<group>";
		};
/* End PBXVariantGroup section */

/* Begin XCBuildConfiguration section */
		5B5DA65629E8F821005A72D7 /* Debug */ = {
			isa = XCBuildConfiguration;
			buildSettings = {
				ALWAYS_SEARCH_USER_PATHS = NO;
				CLANG_ANALYZER_NONNULL = YES;
				CLANG_ANALYZER_NUMBER_OBJECT_CONVERSION = YES_AGGRESSIVE;
				CLANG_CXX_LANGUAGE_STANDARD = "gnu++20";
				CLANG_ENABLE_MODULES = YES;
				CLANG_ENABLE_OBJC_ARC = YES;
				CLANG_ENABLE_OBJC_WEAK = YES;
				CLANG_WARN_BLOCK_CAPTURE_AUTORELEASING = YES;
				CLANG_WARN_BOOL_CONVERSION = YES;
				CLANG_WARN_COMMA = YES;
				CLANG_WARN_CONSTANT_CONVERSION = YES;
				CLANG_WARN_DEPRECATED_OBJC_IMPLEMENTATIONS = YES;
				CLANG_WARN_DIRECT_OBJC_ISA_USAGE = YES_ERROR;
				CLANG_WARN_DOCUMENTATION_COMMENTS = YES;
				CLANG_WARN_EMPTY_BODY = YES;
				CLANG_WARN_ENUM_CONVERSION = YES;
				CLANG_WARN_INFINITE_RECURSION = YES;
				CLANG_WARN_INT_CONVERSION = YES;
				CLANG_WARN_NON_LITERAL_NULL_CONVERSION = YES;
				CLANG_WARN_OBJC_IMPLICIT_RETAIN_SELF = YES;
				CLANG_WARN_OBJC_LITERAL_CONVERSION = YES;
				CLANG_WARN_OBJC_ROOT_CLASS = YES_ERROR;
				CLANG_WARN_QUOTED_INCLUDE_IN_FRAMEWORK_HEADER = YES;
				CLANG_WARN_RANGE_LOOP_ANALYSIS = YES;
				CLANG_WARN_STRICT_PROTOTYPES = YES;
				CLANG_WARN_SUSPICIOUS_MOVE = YES;
				CLANG_WARN_UNGUARDED_AVAILABILITY = YES_AGGRESSIVE;
				CLANG_WARN_UNREACHABLE_CODE = YES;
				CLANG_WARN__DUPLICATE_METHOD_MATCH = YES;
				COPY_PHASE_STRIP = NO;
				DEBUG_INFORMATION_FORMAT = dwarf;
				ENABLE_STRICT_OBJC_MSGSEND = YES;
				ENABLE_TESTABILITY = YES;
				GCC_C_LANGUAGE_STANDARD = gnu11;
				GCC_DYNAMIC_NO_PIC = NO;
				GCC_NO_COMMON_BLOCKS = YES;
				GCC_OPTIMIZATION_LEVEL = 0;
				GCC_PREPROCESSOR_DEFINITIONS = (
					"DEBUG=1",
					"$(inherited)",
				);
				GCC_WARN_64_TO_32_BIT_CONVERSION = YES;
				GCC_WARN_ABOUT_RETURN_TYPE = YES_ERROR;
				GCC_WARN_UNDECLARED_SELECTOR = YES;
				GCC_WARN_UNINITIALIZED_AUTOS = YES_AGGRESSIVE;
				GCC_WARN_UNUSED_FUNCTION = YES;
				GCC_WARN_UNUSED_VARIABLE = YES;
				IPHONEOS_DEPLOYMENT_TARGET = 12.0;
				MTL_ENABLE_DEBUG_INFO = INCLUDE_SOURCE;
				MTL_FAST_MATH = YES;
				ONLY_ACTIVE_ARCH = YES;
				SDKROOT = iphoneos;
				SWIFT_ACTIVE_COMPILATION_CONDITIONS = DEBUG;
				SWIFT_OPTIMIZATION_LEVEL = "-Onone";
			};
			name = Debug;
		};
		5B5DA65729E8F821005A72D7 /* Release */ = {
			isa = XCBuildConfiguration;
			buildSettings = {
				ALWAYS_SEARCH_USER_PATHS = NO;
				CLANG_ANALYZER_NONNULL = YES;
				CLANG_ANALYZER_NUMBER_OBJECT_CONVERSION = YES_AGGRESSIVE;
				CLANG_CXX_LANGUAGE_STANDARD = "gnu++20";
				CLANG_ENABLE_MODULES = YES;
				CLANG_ENABLE_OBJC_ARC = YES;
				CLANG_ENABLE_OBJC_WEAK = YES;
				CLANG_WARN_BLOCK_CAPTURE_AUTORELEASING = YES;
				CLANG_WARN_BOOL_CONVERSION = YES;
				CLANG_WARN_COMMA = YES;
				CLANG_WARN_CONSTANT_CONVERSION = YES;
				CLANG_WARN_DEPRECATED_OBJC_IMPLEMENTATIONS = YES;
				CLANG_WARN_DIRECT_OBJC_ISA_USAGE = YES_ERROR;
				CLANG_WARN_DOCUMENTATION_COMMENTS = YES;
				CLANG_WARN_EMPTY_BODY = YES;
				CLANG_WARN_ENUM_CONVERSION = YES;
				CLANG_WARN_INFINITE_RECURSION = YES;
				CLANG_WARN_INT_CONVERSION = YES;
				CLANG_WARN_NON_LITERAL_NULL_CONVERSION = YES;
				CLANG_WARN_OBJC_IMPLICIT_RETAIN_SELF = YES;
				CLANG_WARN_OBJC_LITERAL_CONVERSION = YES;
				CLANG_WARN_OBJC_ROOT_CLASS = YES_ERROR;
				CLANG_WARN_QUOTED_INCLUDE_IN_FRAMEWORK_HEADER = YES;
				CLANG_WARN_RANGE_LOOP_ANALYSIS = YES;
				CLANG_WARN_STRICT_PROTOTYPES = YES;
				CLANG_WARN_SUSPICIOUS_MOVE = YES;
				CLANG_WARN_UNGUARDED_AVAILABILITY = YES_AGGRESSIVE;
				CLANG_WARN_UNREACHABLE_CODE = YES;
				CLANG_WARN__DUPLICATE_METHOD_MATCH = YES;
				COPY_PHASE_STRIP = NO;
				DEBUG_INFORMATION_FORMAT = "dwarf-with-dsym";
				ENABLE_NS_ASSERTIONS = NO;
				ENABLE_STRICT_OBJC_MSGSEND = YES;
				GCC_C_LANGUAGE_STANDARD = gnu11;
				GCC_NO_COMMON_BLOCKS = YES;
				GCC_WARN_64_TO_32_BIT_CONVERSION = YES;
				GCC_WARN_ABOUT_RETURN_TYPE = YES_ERROR;
				GCC_WARN_UNDECLARED_SELECTOR = YES;
				GCC_WARN_UNINITIALIZED_AUTOS = YES_AGGRESSIVE;
				GCC_WARN_UNUSED_FUNCTION = YES;
				GCC_WARN_UNUSED_VARIABLE = YES;
				IPHONEOS_DEPLOYMENT_TARGET = 12.0;
				MTL_ENABLE_DEBUG_INFO = NO;
				MTL_FAST_MATH = YES;
				SDKROOT = iphoneos;
				SWIFT_COMPILATION_MODE = wholemodule;
				SWIFT_OPTIMIZATION_LEVEL = "-O";
				VALIDATE_PRODUCT = YES;
			};
			name = Release;
		};
		5B5DA65929E8F821005A72D7 /* Debug */ = {
			isa = XCBuildConfiguration;
			buildSettings = {
				ASSETCATALOG_COMPILER_APPICON_NAME = AppIcon;
				ASSETCATALOG_COMPILER_GLOBAL_ACCENT_COLOR_NAME = AccentColor;
				CODE_SIGN_STYLE = Automatic;
				CURRENT_PROJECT_VERSION = 1;
				GENERATE_INFOPLIST_FILE = YES;
				INFOPLIST_FILE = XYZSpecialCollectionView/Info.plist;
				INFOPLIST_KEY_UIApplicationSupportsIndirectInputEvents = YES;
				INFOPLIST_KEY_UILaunchStoryboardName = LaunchScreen.storyboard;
				INFOPLIST_KEY_UIMainStoryboardFile = Main;
				INFOPLIST_KEY_UISupportedInterfaceOrientations = "UIInterfaceOrientationLandscapeRight UIInterfaceOrientationPortrait";
				INFOPLIST_KEY_UISupportedInterfaceOrientations_iPad = "UIInterfaceOrientationLandscapeLeft UIInterfaceOrientationLandscapeRight UIInterfaceOrientationPortrait";
				LD_RUNPATH_SEARCH_PATHS = (
					"$(inherited)",
					"@executable_path/Frameworks",
				);
				MARKETING_VERSION = 1.0;
				PRODUCT_BUNDLE_IDENTIFIER = com.xm.common.XYZSpecialCollectionView;
				PRODUCT_NAME = "$(TARGET_NAME)";
				SWIFT_EMIT_LOC_STRINGS = YES;
				SWIFT_VERSION = 5.0;
				TARGETED_DEVICE_FAMILY = "1,2";
			};
			name = Debug;
		};
		5B5DA65A29E8F821005A72D7 /* Release */ = {
			isa = XCBuildConfiguration;
			buildSettings = {
				ASSETCATALOG_COMPILER_APPICON_NAME = AppIcon;
				ASSETCATALOG_COMPILER_GLOBAL_ACCENT_COLOR_NAME = AccentColor;
				CODE_SIGN_STYLE = Automatic;
				CURRENT_PROJECT_VERSION = 1;
				GENERATE_INFOPLIST_FILE = YES;
				INFOPLIST_FILE = XYZSpecialCollectionView/Info.plist;
				INFOPLIST_KEY_UIApplicationSupportsIndirectInputEvents = YES;
				INFOPLIST_KEY_UILaunchStoryboardName = LaunchScreen.storyboard;
				INFOPLIST_KEY_UIMainStoryboardFile = Main;
				INFOPLIST_KEY_UISupportedInterfaceOrientations = "UIInterfaceOrientationLandscapeRight UIInterfaceOrientationPortrait";
				INFOPLIST_KEY_UISupportedInterfaceOrientations_iPad = "UIInterfaceOrientationLandscapeLeft UIInterfaceOrientationLandscapeRight UIInterfaceOrientationPortrait";
				LD_RUNPATH_SEARCH_PATHS = (
					"$(inherited)",
					"@executable_path/Frameworks",
				);
				MARKETING_VERSION = 1.0;
				PRODUCT_BUNDLE_IDENTIFIER = com.xm.common.XYZSpecialCollectionView;
				PRODUCT_NAME = "$(TARGET_NAME)";
				SWIFT_EMIT_LOC_STRINGS = YES;
				SWIFT_VERSION = 5.0;
				TARGETED_DEVICE_FAMILY = "1,2";
			};
			name = Release;
		};
/* End XCBuildConfiguration section */

/* Begin XCConfigurationList section */
		5B5DA63F29E8F820005A72D7 /* Build configuration list for PBXProject "XYZSpecialCollectionView" */ = {
			isa = XCConfigurationList;
			buildConfigurations = (
				5B5DA65629E8F821005A72D7 /* Debug */,
				5B5DA65729E8F821005A72D7 /* Release */,
			);
			defaultConfigurationIsVisible = 0;
			defaultConfigurationName = Release;
		};
		5B5DA65829E8F821005A72D7 /* Build configuration list for PBXNativeTarget "XYZSpecialCollectionView" */ = {
			isa = XCConfigurationList;
			buildConfigurations = (
				5B5DA65929E8F821005A72D7 /* Debug */,
				5B5DA65A29E8F821005A72D7 /* Release */,
			);
			defaultConfigurationIsVisible = 0;
			defaultConfigurationName = Release;
		};
/* End XCConfigurationList section */
	};
	rootObject = 5B5DA63C29E8F820005A72D7 /* Project object */;
}
